// !$*UTF8*$!
{
	archiveVersion = 1;
	classes = {
	};
	objectVersion = 46;
	objects = {

/* Begin PBXBuildFile section */
		142E37B239D732AE27CF89C0 /* Pods_TestHimotoki2.framework in Frameworks */ = {isa = PBXBuildFile; fileRef = 31CAAE81BA465195E58D2150 /* Pods_TestHimotoki2.framework */; };
		B1AF38B01CCE58B6004B2218 /* Assets.xcassets in Resources */ = {isa = PBXBuildFile; fileRef = B1AF38AF1CCE58B6004B2218 /* Assets.xcassets */; };
		B1AF38B31CCE58B6004B2218 /* Main.storyboard in Resources */ = {isa = PBXBuildFile; fileRef = B1AF38B11CCE58B6004B2218 /* Main.storyboard */; };
		B1AF38BC1CCE5A33004B2218 /* Cluster.swift in Sources */ = {isa = PBXBuildFile; fileRef = B1AF38BB1CCE5A33004B2218 /* Cluster.swift */; };
		B1AF38CC1CCE66BC004B2218 /* main.swift in Sources */ = {isa = PBXBuildFile; fileRef = B1AF38CB1CCE66BC004B2218 /* main.swift */; };
/* End PBXBuildFile section */

/* Begin PBXFileReference section */
		0E3D8F109C07FAD04ABDEDBE /* Pods-TestHimotoki2.release.xcconfig */ = {isa = PBXFileReference; includeInIndex = 1; lastKnownFileType = text.xcconfig; name = "Pods-TestHimotoki2.release.xcconfig"; path = "Pods/Target Support Files/Pods-TestHimotoki2/Pods-TestHimotoki2.release.xcconfig"; sourceTree = "<group>"; };
		31CAAE81BA465195E58D2150 /* Pods_TestHimotoki2.framework */ = {isa = PBXFileReference; explicitFileType = wrapper.framework; includeInIndex = 0; path = Pods_TestHimotoki2.framework; sourceTree = BUILT_PRODUCTS_DIR; };
		608D8E1CCC2688847B53F5BA /* Pods-TestHimotoki2.debug.xcconfig */ = {isa = PBXFileReference; includeInIndex = 1; lastKnownFileType = text.xcconfig; name = "Pods-TestHimotoki2.debug.xcconfig"; path = "Pods/Target Support Files/Pods-TestHimotoki2/Pods-TestHimotoki2.debug.xcconfig"; sourceTree = "<group>"; };
		B1AF38A81CCE58B6004B2218 /* TestHimotoki2.app */ = {isa = PBXFileReference; explicitFileType = wrapper.application; includeInIndex = 0; path = TestHimotoki2.app; sourceTree = BUILT_PRODUCTS_DIR; };
		B1AF38AF1CCE58B6004B2218 /* Assets.xcassets */ = {isa = PBXFileReference; lastKnownFileType = folder.assetcatalog; path = Assets.xcassets; sourceTree = "<group>"; };
		B1AF38B21CCE58B6004B2218 /* Base */ = {isa = PBXFileReference; lastKnownFileType = file.storyboard; name = Base; path = Base.lproj/Main.storyboard; sourceTree = "<group>"; };
		B1AF38B41CCE58B6004B2218 /* Info.plist */ = {isa = PBXFileReference; lastKnownFileType = text.plist.xml; path = Info.plist; sourceTree = "<group>"; };
		B1AF38BA1CCE58CF004B2218 /* Podfile */ = {isa = PBXFileReference; lastKnownFileType = text; path = Podfile; sourceTree = "<group>"; };
		B1AF38BB1CCE5A33004B2218 /* Cluster.swift */ = {isa = PBXFileReference; fileEncoding = 4; lastKnownFileType = sourcecode.swift; path = Cluster.swift; sourceTree = "<group>"; };
		B1AF38CB1CCE66BC004B2218 /* main.swift */ = {isa = PBXFileReference; fileEncoding = 4; lastKnownFileType = sourcecode.swift; path = main.swift; sourceTree = "<group>"; };
/* End PBXFileReference section */

/* Begin PBXFrameworksBuildPhase section */
		B1AF38A51CCE58B6004B2218 /* Frameworks */ = {
			isa = PBXFrameworksBuildPhase;
			buildActionMask = 2147483647;
			files = (
				142E37B239D732AE27CF89C0 /* Pods_TestHimotoki2.framework in Frameworks */,
			);
			runOnlyForDeploymentPostprocessing = 0;
		};
/* End PBXFrameworksBuildPhase section */

/* Begin PBXGroup section */
		12C7049C9406A586E21DB219 /* Pods */ = {
			isa = PBXGroup;
			children = (
				608D8E1CCC2688847B53F5BA /* Pods-TestHimotoki2.debug.xcconfig */,
				0E3D8F109C07FAD04ABDEDBE /* Pods-TestHimotoki2.release.xcconfig */,
			);
			name = Pods;
			sourceTree = "<group>";
		};
		B1AF389F1CCE58B6004B2218 = {
			isa = PBXGroup;
			children = (
				B1AF38BA1CCE58CF004B2218 /* Podfile */,
				B1AF38AA1CCE58B6004B2218 /* TestHimotoki2 */,
				B1AF38A91CCE58B6004B2218 /* Products */,
				12C7049C9406A586E21DB219 /* Pods */,
				CB9075F9F19D2B4D20411754 /* Frameworks */,
			);
			sourceTree = "<group>";
		};
		B1AF38A91CCE58B6004B2218 /* Products */ = {
			isa = PBXGroup;
			children = (
				B1AF38A81CCE58B6004B2218 /* TestHimotoki2.app */,
			);
			name = Products;
			sourceTree = "<group>";
		};
		B1AF38AA1CCE58B6004B2218 /* TestHimotoki2 */ = {
			isa = PBXGroup;
			children = (
				B1AF38CB1CCE66BC004B2218 /* main.swift */,
				B1AF38BB1CCE5A33004B2218 /* Cluster.swift */,
				B1AF38AF1CCE58B6004B2218 /* Assets.xcassets */,
				B1AF38B11CCE58B6004B2218 /* Main.storyboard */,
				B1AF38B41CCE58B6004B2218 /* Info.plist */,
			);
			path = TestHimotoki2;
			sourceTree = "<group>";
		};
		CB9075F9F19D2B4D20411754 /* Frameworks */ = {
			isa = PBXGroup;
			children = (
				31CAAE81BA465195E58D2150 /* Pods_TestHimotoki2.framework */,
			);
			name = Frameworks;
			sourceTree = "<group>";
		};
/* End PBXGroup section */

/* Begin PBXNativeTarget section */
		B1AF38A71CCE58B6004B2218 /* TestHimotoki2 */ = {
			isa = PBXNativeTarget;
			buildConfigurationList = B1AF38B71CCE58B6004B2218 /* Build configuration list for PBXNativeTarget "TestHimotoki2" */;
			buildPhases = (
				2DF2690A9B82D97DB7E660B9 /* 📦 Check Pods Manifest.lock */,
				B1AF38A41CCE58B6004B2218 /* Sources */,
				B1AF38A51CCE58B6004B2218 /* Frameworks */,
				B1AF38A61CCE58B6004B2218 /* Resources */,
				A083EEE6D72CB2D24B020F5E /* 📦 Embed Pods Frameworks */,
				AA946EDF98B36A5C9B30DE39 /* 📦 Copy Pods Resources */,
			);
			buildRules = (
			);
			dependencies = (
			);
			name = TestHimotoki2;
			productName = TestHimotoki2;
			productReference = B1AF38A81CCE58B6004B2218 /* TestHimotoki2.app */;
			productType = "com.apple.product-type.application";
		};
/* End PBXNativeTarget section */

/* Begin PBXProject section */
		B1AF38A01CCE58B6004B2218 /* Project object */ = {
			isa = PBXProject;
			attributes = {
				LastSwiftUpdateCheck = 0730;
				LastUpgradeCheck = 0730;
				ORGANIZATIONNAME = "EasyStyle G.K.";
				TargetAttributes = {
					B1AF38A71CCE58B6004B2218 = {
						CreatedOnToolsVersion = 7.3;
					};
				};
			};
			buildConfigurationList = B1AF38A31CCE58B6004B2218 /* Build configuration list for PBXProject "TestHimotoki2" */;
			compatibilityVersion = "Xcode 3.2";
			developmentRegion = English;
			hasScannedForEncodings = 0;
			knownRegions = (
				en,
				Base,
			);
			mainGroup = B1AF389F1CCE58B6004B2218;
			productRefGroup = B1AF38A91CCE58B6004B2218 /* Products */;
			projectDirPath = "";
			projectRoot = "";
			targets = (
				B1AF38A71CCE58B6004B2218 /* TestHimotoki2 */,
			);
		};
/* End PBXProject section */

/* Begin PBXResourcesBuildPhase section */
		B1AF38A61CCE58B6004B2218 /* Resources */ = {
			isa = PBXResourcesBuildPhase;
			buildActionMask = 2147483647;
			files = (
				B1AF38B01CCE58B6004B2218 /* Assets.xcassets in Resources */,
				B1AF38B31CCE58B6004B2218 /* Main.storyboard in Resources */,
			);
			runOnlyForDeploymentPostprocessing = 0;
		};
/* End PBXResourcesBuildPhase section */

/* Begin PBXShellScriptBuildPhase section */
		2DF2690A9B82D97DB7E660B9 /* 📦 Check Pods Manifest.lock */ = {
			isa = PBXShellScriptBuildPhase;
			buildActionMask = 2147483647;
			files = (
			);
			inputPaths = (
			);
			name = "📦 Check Pods Manifest.lock";
			outputPaths = (
			);
			runOnlyForDeploymentPostprocessing = 0;
			shellPath = /bin/sh;
			shellScript = "diff \"${PODS_ROOT}/../Podfile.lock\" \"${PODS_ROOT}/Manifest.lock\" > /dev/null\nif [[ $? != 0 ]] ; then\n    cat << EOM\nerror: The sandbox is not in sync with the Podfile.lock. Run 'pod install' or update your CocoaPods installation.\nEOM\n    exit 1\nfi\n";
			showEnvVarsInLog = 0;
		};
		A083EEE6D72CB2D24B020F5E /* 📦 Embed Pods Frameworks */ = {
			isa = PBXShellScriptBuildPhase;
			buildActionMask = 2147483647;
			files = (
			);
			inputPaths = (
			);
			name = "📦 Embed Pods Frameworks";
			outputPaths = (
			);
			runOnlyForDeploymentPostprocessing = 0;
			shellPath = /bin/sh;
			shellScript = "\"${SRCROOT}/Pods/Target Support Files/Pods-TestHimotoki2/Pods-TestHimotoki2-frameworks.sh\"\n";
			showEnvVarsInLog = 0;
		};
		AA946EDF98B36A5C9B30DE39 /* 📦 Copy Pods Resources */ = {
			isa = PBXShellScriptBuildPhase;
			buildActionMask = 2147483647;
			files = (
			);
			inputPaths = (
			);
			name = "📦 Copy Pods Resources";
			outputPaths = (
			);
			runOnlyForDeploymentPostprocessing = 0;
			shellPath = /bin/sh;
			shellScript = "\"${SRCROOT}/Pods/Target Support Files/Pods-TestHimotoki2/Pods-TestHimotoki2-resources.sh\"\n";
			showEnvVarsInLog = 0;
		};
/* End PBXShellScriptBuildPhase section */

/* Begin PBXSourcesBuildPhase section */
		B1AF38A41CCE58B6004B2218 /* Sources */ = {
			isa = PBXSourcesBuildPhase;
			buildActionMask = 2147483647;
			files = (
				B1AF38CC1CCE66BC004B2218 /* main.swift in Sources */,
				B1AF38BC1CCE5A33004B2218 /* Cluster.swift in Sources */,
			);
			runOnlyForDeploymentPostprocessing = 0;
		};
/* End PBXSourcesBuildPhase section */

/* Begin PBXVariantGroup section */
		B1AF38B11CCE58B6004B2218 /* Main.storyboard */ = {
			isa = PBXVariantGroup;
			children = (
				B1AF38B21CCE58B6004B2218 /* Base */,
			);
			name = Main.storyboard;
			sourceTree = "<group>";
		};
/* End PBXVariantGroup section */

/* Begin XCBuildConfiguration section */
		B1AF38B51CCE58B6004B2218 /* Debug */ = {
			isa = XCBuildConfiguration;
			buildSettings = {
				ALWAYS_SEARCH_USER_PATHS = NO;
				CLANG_ANALYZER_NONNULL = YES;
				CLANG_CXX_LANGUAGE_STANDARD = "gnu++0x";
				CLANG_CXX_LIBRARY = "libc++";
				CLANG_ENABLE_MODULES = YES;
				CLANG_ENABLE_OBJC_ARC = YES;
				CLANG_WARN_BOOL_CONVERSION = YES;
				CLANG_WARN_CONSTANT_CONVERSION = YES;
				CLANG_WARN_DIRECT_OBJC_ISA_USAGE = YES_ERROR;
				CLANG_WARN_EMPTY_BODY = YES;
				CLANG_WARN_ENUM_CONVERSION = YES;
				CLANG_WARN_INT_CONVERSION = YES;
				CLANG_WARN_OBJC_ROOT_CLASS = YES_ERROR;
				CLANG_WARN_UNREACHABLE_CODE = YES;
				CLANG_WARN__DUPLICATE_METHOD_MATCH = YES;
				CODE_SIGN_IDENTITY = "-";
				COPY_PHASE_STRIP = NO;
				DEBUG_INFORMATION_FORMAT = dwarf;
				ENABLE_STRICT_OBJC_MSGSEND = YES;
				ENABLE_TESTABILITY = YES;
				GCC_C_LANGUAGE_STANDARD = gnu99;
				GCC_DYNAMIC_NO_PIC = NO;
				GCC_NO_COMMON_BLOCKS = YES;
				GCC_OPTIMIZATION_LEVEL = 0;
				GCC_PREPROCESSOR_DEFINITIONS = (
					"DEBUG=1",
					"$(inherited)",
				);
				GCC_WARN_64_TO_32_BIT_CONVERSION = YES;
				GCC_WARN_ABOUT_RETURN_TYPE = YES_ERROR;
				GCC_WARN_UNDECLARED_SELECTOR = YES;
				GCC_WARN_UNINITIALIZED_AUTOS = YES_AGGRESSIVE;
				GCC_WARN_UNUSED_FUNCTION = YES;
				GCC_WARN_UNUSED_VARIABLE = YES;
				MACOSX_DEPLOYMENT_TARGET = 10.11;
				MTL_ENABLE_DEBUG_INFO = YES;
				ONLY_ACTIVE_ARCH = YES;
				SDKROOT = macosx;
				SWIFT_OPTIMIZATION_LEVEL = "-Onone";
			};
			name = Debug;
		};
		B1AF38B61CCE58B6004B2218 /* Release */ = {
			isa = XCBuildConfiguration;
			buildSettings = {
				ALWAYS_SEARCH_USER_PATHS = NO;
				CLANG_ANALYZER_NONNULL = YES;
				CLANG_CXX_LANGUAGE_STANDARD = "gnu++0x";
				CLANG_CXX_LIBRARY = "libc++";
				CLANG_ENABLE_MODULES = YES;
				CLANG_ENABLE_OBJC_ARC = YES;
				CLANG_WARN_BOOL_CONVERSION = YES;
				CLANG_WARN_CONSTANT_CONVERSION = YES;
				CLANG_WARN_DIRECT_OBJC_ISA_USAGE = YES_ERROR;
				CLANG_WARN_EMPTY_BODY = YES;
				CLANG_WARN_ENUM_CONVERSION = YES;
				CLANG_WARN_INT_CONVERSION = YES;
				CLANG_WARN_OBJC_ROOT_CLASS = YES_ERROR;
				CLANG_WARN_UNREACHABLE_CODE = YES;
				CLANG_WARN__DUPLICATE_METHOD_MATCH = YES;
				CODE_SIGN_IDENTITY = "-";
				COPY_PHASE_STRIP = NO;
				DEBUG_INFORMATION_FORMAT = "dwarf-with-dsym";
				ENABLE_NS_ASSERTIONS = NO;
				ENABLE_STRICT_OBJC_MSGSEND = YES;
				GCC_C_LANGUAGE_STANDARD = gnu99;
				GCC_NO_COMMON_BLOCKS = YES;
				GCC_WARN_64_TO_32_BIT_CONVERSION = YES;
				GCC_WARN_ABOUT_RETURN_TYPE = YES_ERROR;
				GCC_WARN_UNDECLARED_SELECTOR = YES;
				GCC_WARN_UNINITIALIZED_AUTOS = YES_AGGRESSIVE;
				GCC_WARN_UNUSED_FUNCTION = YES;
				GCC_WARN_UNUSED_VARIABLE = YES;
				MACOSX_DEPLOYMENT_TARGET = 10.11;
				MTL_ENABLE_DEBUG_INFO = NO;
				SDKROOT = macosx;
			};
			name = Release;
		};
		B1AF38B81CCE58B6004B2218 /* Debug */ = {
			isa = XCBuildConfiguration;
			baseConfigurationReference = 608D8E1CCC2688847B53F5BA /* Pods-TestHimotoki2.debug.xcconfig */;
			buildSettings = {
				ASSETCATALOG_COMPILER_APPICON_NAME = AppIcon;
				COMBINE_HIDPI_IMAGES = YES;
				INFOPLIST_FILE = TestHimotoki2/Info.plist;
				LD_RUNPATH_SEARCH_PATHS = "$(inherited) @executable_path/../Frameworks";
				PRODUCT_BUNDLE_IDENTIFIER = "jp.ez-style.appid.TestHimotoki2";
				PRODUCT_NAME = "$(TARGET_NAME)";
			};
			name = Debug;
		};
		B1AF38B91CCE58B6004B2218 /* Release */ = {
			isa = XCBuildConfiguration;
			baseConfigurationReference = 0E3D8F109C07FAD04ABDEDBE /* Pods-TestHimotoki2.release.xcconfig */;
			buildSettings = {
				ASSETCATALOG_COMPILER_APPICON_NAME = AppIcon;
				COMBINE_HIDPI_IMAGES = YES;
				INFOPLIST_FILE = TestHimotoki2/Info.plist;
				LD_RUNPATH_SEARCH_PATHS = "$(inherited) @executable_path/../Frameworks";
				PRODUCT_BUNDLE_IDENTIFIER = "jp.ez-style.appid.TestHimotoki2";
				PRODUCT_NAME = "$(TARGET_NAME)";
			};
			name = Release;
		};
/* End XCBuildConfiguration section */

/* Begin XCConfigurationList section */
		B1AF38A31CCE58B6004B2218 /* Build configuration list for PBXProject "TestHimotoki2" */ = {
			isa = XCConfigurationList;
			buildConfigurations = (
				B1AF38B51CCE58B6004B2218 /* Debug */,
				B1AF38B61CCE58B6004B2218 /* Release */,
			);
			defaultConfigurationIsVisible = 0;
			defaultConfigurationName = Release;
		};
		B1AF38B71CCE58B6004B2218 /* Build configuration list for PBXNativeTarget "TestHimotoki2" */ = {
			isa = XCConfigurationList;
			buildConfigurations = (
				B1AF38B81CCE58B6004B2218 /* Debug */,
				B1AF38B91CCE58B6004B2218 /* Release */,
			);
			defaultConfigurationIsVisible = 0;
			defaultConfigurationName = Release;
		};
/* End XCConfigurationList section */
	};
	rootObject = B1AF38A01CCE58B6004B2218 /* Project object */;
}
